
Microsoft Visual Studio Solution File, Format Version 12.00
Project("{2150E333-8FDC-42A3-9474-1A3956D46DE8}") = "src", "src", "{47762607-DA26-4E4D-B427-0190C97648C1}"
EndProject
Project("{2150E333-8FDC-42A3-9474-1A3956D46DE8}") = "tests", "tests", "{D4EA3A5B-8BB8-4136-84E3-D15CDAA3E052}"
EndProject
Project("{2150E333-8FDC-42A3-9474-1A3956D46DE8}") = "docs", "docs", "{3A61DB12-C37A-4737-A01D-A96752F0D25A}"
	ProjectSection(SolutionItems) = preProject
		docs\InstallGuide.md = docs\InstallGuide.md
	EndProjectSection
EndProject
Project("{2150E333-8FDC-42A3-9474-1A3956D46DE8}") = "solution", "solution", "{2C513C91-D2C9-4FD8-996A-4D77A16B4AEB}"
	ProjectSection(SolutionItems) = preProject
		README.md = README.md
		Directory.Build.props = Directory.Build.props
		docker-compose.yml = docker-compose.yml
	EndProjectSection
EndProject
Project("{2150E333-8FDC-42A3-9474-1A3956D46DE8}") = "server", "server", "{5237981E-5D9B-44C0-BCC7-BED99A6DE58A}"
EndProject
Project("{2150E333-8FDC-42A3-9474-1A3956D46DE8}") = "clients", "clients", "{30DF5B50-9C67-4909-9CD2-9B899FA8E515}"
EndProject
Project("{2150E333-8FDC-42A3-9474-1A3956D46DE8}") = "clients", "clients", "{FC8D8AC8-5A5D-4A23-B1C9-5E358F1D134C}"
EndProject
Project("{2150E333-8FDC-42A3-9474-1A3956D46DE8}") = "server", "server", "{19E692BA-4F66-40D3-A940-35E1EE380EBD}"
EndProject
Project("{FAE04EC0-301F-11D3-BF4B-00C04F79EFBC}") = "Server.Controllers.Web", "src\MadWorldNL.StrixAluco.Server.Controllers.Web\Server.Controllers.Web.csproj", "{5526168D-5B8A-4A0C-AE3F-5C760DB801D7}"
EndProject
Project("{FAE04EC0-301F-11D3-BF4B-00C04F79EFBC}") = "Server.Logic.Functions", "src\MadWorldNL.StrixAluco.Server.Logic.Functions\Server.Logic.Functions.csproj", "{D14EC7CB-3E0A-43CF-8497-612FC6E9B33C}"
EndProject
Project("{FAE04EC0-301F-11D3-BF4B-00C04F79EFBC}") = "Server.Logic.Models", "src\MadWorldNL.StrixAluco.Server.Logic.Models\Server.Logic.Models.csproj", "{BED01CA4-BC00-4D8B-9DEE-6B5AC02C3BF5}"
EndProject
Project("{FAE04EC0-301F-11D3-BF4B-00C04F79EFBC}") = "Server.DataAccess.Database", "src\MadWorldNL.StrixAluco.Server.DataAccess.Database\Server.DataAccess.Database.csproj", "{991935E3-24D9-4BFD-B091-2F7665B8C226}"
EndProject
Project("{FAE04EC0-301F-11D3-BF4B-00C04F79EFBC}") = "Clients.Hub.Web", "src\MadWorldNL.StrixAluco.Clients.Hub.Web\Clients.Hub.Web.csproj", "{01F1489A-E55C-4273-B2A6-FBDDA10056C2}"
EndProject
Project("{FAE04EC0-301F-11D3-BF4B-00C04F79EFBC}") = "Clients.ControlPanel.Web", "src\MadWorldNL.StrixAluco.Clients.ControlPanel.Web\Clients.ControlPanel.Web.csproj", "{200CC6A7-5C60-4C56-AD77-70203914D602}"
EndProject
Project("{FAE04EC0-301F-11D3-BF4B-00C04F79EFBC}") = "Server.Logic.Functions.Tests", "tests\MadWorldNL.StrixAluco.Server.Logic.Functions.Tests\Server.Logic.Functions.Tests.csproj", "{CA6E82FD-DBC8-4DD4-9E14-133F3558AD8F}"
EndProject
Project("{2150E333-8FDC-42A3-9474-1A3956D46DE8}") = "workflows", "workflows", "{E3E4FCDF-4AA6-4DAC-8748-8D3575A63E04}"
	ProjectSection(SolutionItems) = preProject
		.github\workflows\dotnet.yml = .github\workflows\dotnet.yml
		.github\workflows\docker.yml = .github\workflows\docker.yml
	EndProjectSection
EndProject
Project("{FAE04EC0-301F-11D3-BF4B-00C04F79EFBC}") = "ClientSDK.Server", "src\MadWorldNL.StrixAluco.ClientSDK.Server\ClientSDK.Server.csproj", "{59C6BDD4-54E6-4015-AC07-387A64B8CDEA}"
EndProject
Global
	GlobalSection(SolutionConfigurationPlatforms) = preSolution
		Debug|Any CPU = Debug|Any CPU
		Release|Any CPU = Release|Any CPU
	EndGlobalSection
	GlobalSection(NestedProjects) = preSolution
		{5237981E-5D9B-44C0-BCC7-BED99A6DE58A} = {47762607-DA26-4E4D-B427-0190C97648C1}
		{30DF5B50-9C67-4909-9CD2-9B899FA8E515} = {47762607-DA26-4E4D-B427-0190C97648C1}
		{FC8D8AC8-5A5D-4A23-B1C9-5E358F1D134C} = {D4EA3A5B-8BB8-4136-84E3-D15CDAA3E052}
		{19E692BA-4F66-40D3-A940-35E1EE380EBD} = {D4EA3A5B-8BB8-4136-84E3-D15CDAA3E052}
		{5526168D-5B8A-4A0C-AE3F-5C760DB801D7} = {5237981E-5D9B-44C0-BCC7-BED99A6DE58A}
		{D14EC7CB-3E0A-43CF-8497-612FC6E9B33C} = {5237981E-5D9B-44C0-BCC7-BED99A6DE58A}
		{BED01CA4-BC00-4D8B-9DEE-6B5AC02C3BF5} = {5237981E-5D9B-44C0-BCC7-BED99A6DE58A}
		{991935E3-24D9-4BFD-B091-2F7665B8C226} = {5237981E-5D9B-44C0-BCC7-BED99A6DE58A}
		{01F1489A-E55C-4273-B2A6-FBDDA10056C2} = {30DF5B50-9C67-4909-9CD2-9B899FA8E515}
		{200CC6A7-5C60-4C56-AD77-70203914D602} = {30DF5B50-9C67-4909-9CD2-9B899FA8E515}
		{CA6E82FD-DBC8-4DD4-9E14-133F3558AD8F} = {19E692BA-4F66-40D3-A940-35E1EE380EBD}
		{E3E4FCDF-4AA6-4DAC-8748-8D3575A63E04} = {2C513C91-D2C9-4FD8-996A-4D77A16B4AEB}
		{59C6BDD4-54E6-4015-AC07-387A64B8CDEA} = {47762607-DA26-4E4D-B427-0190C97648C1}
	EndGlobalSection
	GlobalSection(ProjectConfigurationPlatforms) = postSolution
		{5526168D-5B8A-4A0C-AE3F-5C760DB801D7}.Debug|Any CPU.ActiveCfg = Debug|Any CPU
		{5526168D-5B8A-4A0C-AE3F-5C760DB801D7}.Debug|Any CPU.Build.0 = Debug|Any CPU
		{5526168D-5B8A-4A0C-AE3F-5C760DB801D7}.Release|Any CPU.ActiveCfg = Release|Any CPU
		{5526168D-5B8A-4A0C-AE3F-5C760DB801D7}.Release|Any CPU.Build.0 = Release|Any CPU
		{D14EC7CB-3E0A-43CF-8497-612FC6E9B33C}.Debug|Any CPU.ActiveCfg = Debug|Any CPU
		{D14EC7CB-3E0A-43CF-8497-612FC6E9B33C}.Debug|Any CPU.Build.0 = Debug|Any CPU
		{D14EC7CB-3E0A-43CF-8497-612FC6E9B33C}.Release|Any CPU.ActiveCfg = Release|Any CPU
		{D14EC7CB-3E0A-43CF-8497-612FC6E9B33C}.Release|Any CPU.Build.0 = Release|Any CPU
		{BED01CA4-BC00-4D8B-9DEE-6B5AC02C3BF5}.Debug|Any CPU.ActiveCfg = Debug|Any CPU
		{BED01CA4-BC00-4D8B-9DEE-6B5AC02C3BF5}.Debug|Any CPU.Build.0 = Debug|Any CPU
		{BED01CA4-BC00-4D8B-9DEE-6B5AC02C3BF5}.Release|Any CPU.ActiveCfg = Release|Any CPU
		{BED01CA4-BC00-4D8B-9DEE-6B5AC02C3BF5}.Release|Any CPU.Build.0 = Release|Any CPU
		{991935E3-24D9-4BFD-B091-2F7665B8C226}.Debug|Any CPU.ActiveCfg = Debug|Any CPU
		{991935E3-24D9-4BFD-B091-2F7665B8C226}.Debug|Any CPU.Build.0 = Debug|Any CPU
		{991935E3-24D9-4BFD-B091-2F7665B8C226}.Release|Any CPU.ActiveCfg = Release|Any CPU
		{991935E3-24D9-4BFD-B091-2F7665B8C226}.Release|Any CPU.Build.0 = Release|Any CPU
		{01F1489A-E55C-4273-B2A6-FBDDA10056C2}.Debug|Any CPU.ActiveCfg = Debug|Any CPU
		{01F1489A-E55C-4273-B2A6-FBDDA10056C2}.Debug|Any CPU.Build.0 = Debug|Any CPU
		{01F1489A-E55C-4273-B2A6-FBDDA10056C2}.Release|Any CPU.ActiveCfg = Release|Any CPU
		{01F1489A-E55C-4273-B2A6-FBDDA10056C2}.Release|Any CPU.Build.0 = Release|Any CPU
		{200CC6A7-5C60-4C56-AD77-70203914D602}.Debug|Any CPU.ActiveCfg = Debug|Any CPU
		{200CC6A7-5C60-4C56-AD77-70203914D602}.Debug|Any CPU.Build.0 = Debug|Any CPU
		{200CC6A7-5C60-4C56-AD77-70203914D602}.Release|Any CPU.ActiveCfg = Release|Any CPU
		{200CC6A7-5C60-4C56-AD77-70203914D602}.Release|Any CPU.Build.0 = Release|Any CPU
		{CA6E82FD-DBC8-4DD4-9E14-133F3558AD8F}.Debug|Any CPU.ActiveCfg = Debug|Any CPU
		{CA6E82FD-DBC8-4DD4-9E14-133F3558AD8F}.Debug|Any CPU.Build.0 = Debug|Any CPU
		{CA6E82FD-DBC8-4DD4-9E14-133F3558AD8F}.Release|Any CPU.ActiveCfg = Release|Any CPU
		{CA6E82FD-DBC8-4DD4-9E14-133F3558AD8F}.Release|Any CPU.Build.0 = Release|Any CPU
		{59C6BDD4-54E6-4015-AC07-387A64B8CDEA}.Debug|Any CPU.ActiveCfg = Debug|Any CPU
		{59C6BDD4-54E6-4015-AC07-387A64B8CDEA}.Debug|Any CPU.Build.0 = Debug|Any CPU
		{59C6BDD4-54E6-4015-AC07-387A64B8CDEA}.Release|Any CPU.ActiveCfg = Release|Any CPU
		{59C6BDD4-54E6-4015-AC07-387A64B8CDEA}.Release|Any CPU.Build.0 = Release|Any CPU
	EndGlobalSection
EndGlobal
